PODS:
  - Kiwi (2.3.1)
  - TFFormDescriptor (0.1.0):
    - TFTableDescriptor (~> 1.2.0)
  - TFTableDescriptor (1.2.0)

DEPENDENCIES:
  - Kiwi
  - TFFormDescriptor (from `../`)

EXTERNAL SOURCES:
  TFFormDescriptor:
    :path: "../"

SPEC CHECKSUMS:
  Kiwi: f038a6c61f7a9e4d7766bff5717aa3b3fdb75f55
  TFFormDescriptor: ef1462276aeb81ea083cbd36fe1e6a3df1d91e5c
  TFTableDescriptor: 83aa48081017fad3fc4ba89866a67b2ea7f31813

COCOAPODS: 0.36.4
