PODS:
  - EAMTextView (0.0.3)
  - Kiwi (2.3.1)
  - TFFormDescriptor (0.0.1):
    - EAMTextView
    - TFTableDescriptor
  - TFTableDescriptor (2.0.0)

DEPENDENCIES:
  - Kiwi
  - TFFormDescriptor (from `../`)
  - TFTableDescriptor (from `https://github.com/thefuntasty/TFTableDescriptor`)

EXTERNAL SOURCES:
  TFFormDescriptor:
    :path: ../
  TFTableDescriptor:
    :git: https://github.com/thefuntasty/TFTableDescriptor

CHECKOUT OPTIONS:
  TFTableDescriptor:
    :commit: b3dff55dcab69d4806b5a43a15155212c1edc390
    :git: https://github.com/thefuntasty/TFTableDescriptor

SPEC CHECKSUMS:
  EAMTextView: ff8da8bb4f894c8403e45f1ded47058c80775ae3
  Kiwi: f038a6c61f7a9e4d7766bff5717aa3b3fdb75f55
  TFFormDescriptor: 688d354eeca8535ef5c4dd7a9a9847bb55c85e5b
  TFTableDescriptor: b914387ac9f46cad20c74c3e8efe4c70b5325b98

COCOAPODS: 0.37.1
